
Microsoft Visual Studio Solution File, Format Version 12.00
# Visual Studio Version 16
VisualStudioVersion = 16.0.29728.190
MinimumVisualStudioVersion = 10.0.40219.1
Project("{FAE04EC0-301F-11D3-BF4B-00C04F79EFBC}") = "PrincipeInversionDependance", "PrincipeInversionDependance.csproj", "{02D5A44C-6BF3-4085-A8C7-F7B69EAC8B92}"
EndProject
Global
	GlobalSection(SolutionConfigurationPlatforms) = preSolution
		Debug|Any CPU = Debug|Any CPU
		Release|Any CPU = Release|Any CPU
	EndGlobalSection
	GlobalSection(ProjectConfigurationPlatforms) = postSolution
		{02D5A44C-6BF3-4085-A8C7-F7B69EAC8B92}.Debug|Any CPU.ActiveCfg = Debug|Any CPU
		{02D5A44C-6BF3-4085-A8C7-F7B69EAC8B92}.Debug|Any CPU.Build.0 = Debug|Any CPU
		{02D5A44C-6BF3-4085-A8C7-F7B69EAC8B92}.Release|Any CPU.ActiveCfg = Release|Any CPU
		{02D5A44C-6BF3-4085-A8C7-F7B69EAC8B92}.Release|Any CPU.Build.0 = Release|Any CPU
	EndGlobalSection
	GlobalSection(SolutionProperties) = preSolution
		HideSolutionNode = FALSE
	EndGlobalSection
	GlobalSection(ExtensibilityGlobals) = postSolution
		SolutionGuid = {5C0DCB03-5F87-4A69-94C5-F7D8653B54B1}
	EndGlobalSection
EndGlobal
